
Microsoft Visual Studio Solution File, Format Version 12.00
# Visual Studio Version 17
VisualStudioVersion = 17.11.35303.130
MinimumVisualStudioVersion = 10.0.40219.1
Project("{9A19103F-16F7-4668-BE54-9A1E7A4F7556}") = "BlazingTrails.Client", "BlazingTrails.Client\BlazingTrails.Client.csproj", "{92895C64-07BD-4F42-A62E-C4B46ADC394B}"
EndProject
Project("{9A19103F-16F7-4668-BE54-9A1E7A4F7556}") = "BlazingTrails.Api", "BlazingTrails.Api\BlazingTrails.Api.csproj", "{838096B4-EA51-4280-8010-0F8A5EF494AB}"
EndProject
Project("{9A19103F-16F7-4668-BE54-9A1E7A4F7556}") = "BlazingTrails.Shared", "BlazingTrails.Shared\BlazingTrails.Shared.csproj", "{478D47B0-614A-461F-9351-4095FFC56FFF}"
EndProject
Global
	GlobalSection(SolutionConfigurationPlatforms) = preSolution
		Debug|Any CPU = Debug|Any CPU
		Release|Any CPU = Release|Any CPU
	EndGlobalSection
	GlobalSection(ProjectConfigurationPlatforms) = postSolution
		{92895C64-07BD-4F42-A62E-C4B46ADC394B}.Debug|Any CPU.ActiveCfg = Debug|Any CPU
		{92895C64-07BD-4F42-A62E-C4B46ADC394B}.Debug|Any CPU.Build.0 = Debug|Any CPU
		{92895C64-07BD-4F42-A62E-C4B46ADC394B}.Release|Any CPU.ActiveCfg = Release|Any CPU
		{92895C64-07BD-4F42-A62E-C4B46ADC394B}.Release|Any CPU.Build.0 = Release|Any CPU
		{838096B4-EA51-4280-8010-0F8A5EF494AB}.Debug|Any CPU.ActiveCfg = Debug|Any CPU
		{838096B4-EA51-4280-8010-0F8A5EF494AB}.Debug|Any CPU.Build.0 = Debug|Any CPU
		{838096B4-EA51-4280-8010-0F8A5EF494AB}.Release|Any CPU.ActiveCfg = Release|Any CPU
		{838096B4-EA51-4280-8010-0F8A5EF494AB}.Release|Any CPU.Build.0 = Release|Any CPU
		{478D47B0-614A-461F-9351-4095FFC56FFF}.Debug|Any CPU.ActiveCfg = Debug|Any CPU
		{478D47B0-614A-461F-9351-4095FFC56FFF}.Debug|Any CPU.Build.0 = Debug|Any CPU
		{478D47B0-614A-461F-9351-4095FFC56FFF}.Release|Any CPU.ActiveCfg = Release|Any CPU
		{478D47B0-614A-461F-9351-4095FFC56FFF}.Release|Any CPU.Build.0 = Release|Any CPU
	EndGlobalSection
	GlobalSection(SolutionProperties) = preSolution
		HideSolutionNode = FALSE
	EndGlobalSection
	GlobalSection(ExtensibilityGlobals) = postSolution
		SolutionGuid = {D1CE3A56-DDCF-40F8-86C4-D1D34818E449}
	EndGlobalSection
EndGlobal
